
Microsoft Visual Studio Solution File, Format Version 12.00
# Visual Studio 15
VisualStudioVersion = 15.0.28010.2046
MinimumVisualStudioVersion = 10.0.40219.1
Project("{FAE04EC0-301F-11D3-BF4B-00C04F79EFBC}") = "DemoApp.Android", "DemoApp\DemoApp.Android\DemoApp.Android.csproj", "{9496AC9B-BAF1-472B-BDD3-CA9419D01B8A}"
EndProject
Project("{FAE04EC0-301F-11D3-BF4B-00C04F79EFBC}") = "DemoApp.iOS", "DemoApp\DemoApp.iOS\DemoApp.iOS.csproj", "{C231D4FD-A2D9-4A4F-B96D-0A232CAAC357}"
EndProject
Project("{FAE04EC0-301F-11D3-BF4B-00C04F79EFBC}") = "DemoApp.UWP", "DemoApp\DemoApp.UWP\DemoApp.UWP.csproj", "{85BCBA80-6722-4442-ABD2-8387393BA087}"
EndProject
Project("{FAE04EC0-301F-11D3-BF4B-00C04F79EFBC}") = "DemoApp", "DemoApp\DemoApp\DemoApp.csproj", "{AE176A72-BD84-4C6A-9CBB-1294F3F3123A}"
EndProject
Global
	GlobalSection(SolutionConfigurationPlatforms) = preSolution
		Ad-Hoc|Any CPU = Ad-Hoc|Any CPU
		Ad-Hoc|ARM = Ad-Hoc|ARM
		Ad-Hoc|iPhone = Ad-Hoc|iPhone
		Ad-Hoc|iPhoneSimulator = Ad-Hoc|iPhoneSimulator
		Ad-Hoc|x64 = Ad-Hoc|x64
		Ad-Hoc|x86 = Ad-Hoc|x86
		AppStore|Any CPU = AppStore|Any CPU
		AppStore|ARM = AppStore|ARM
		AppStore|iPhone = AppStore|iPhone
		AppStore|iPhoneSimulator = AppStore|iPhoneSimulator
		AppStore|x64 = AppStore|x64
		AppStore|x86 = AppStore|x86
		Debug|Any CPU = Debug|Any CPU
		Debug|ARM = Debug|ARM
		Debug|iPhone = Debug|iPhone
		Debug|iPhoneSimulator = Debug|iPhoneSimulator
		Debug|x64 = Debug|x64
		Debug|x86 = Debug|x86
		Release|Any CPU = Release|Any CPU
		Release|ARM = Release|ARM
		Release|iPhone = Release|iPhone
		Release|iPhoneSimulator = Release|iPhoneSimulator
		Release|x64 = Release|x64
		Release|x86 = Release|x86
	EndGlobalSection
	GlobalSection(ProjectConfigurationPlatforms) = postSolution
		{9496AC9B-BAF1-472B-BDD3-CA9419D01B8A}.Ad-Hoc|Any CPU.ActiveCfg = Release|Any CPU
		{9496AC9B-BAF1-472B-BDD3-CA9419D01B8A}.Ad-Hoc|Any CPU.Build.0 = Release|Any CPU
		{9496AC9B-BAF1-472B-BDD3-CA9419D01B8A}.Ad-Hoc|Any CPU.Deploy.0 = Release|Any CPU
		{9496AC9B-BAF1-472B-BDD3-CA9419D01B8A}.Ad-Hoc|ARM.ActiveCfg = Release|Any CPU
		{9496AC9B-BAF1-472B-BDD3-CA9419D01B8A}.Ad-Hoc|ARM.Build.0 = Release|Any CPU
		{9496AC9B-BAF1-472B-BDD3-CA9419D01B8A}.Ad-Hoc|ARM.Deploy.0 = Release|Any CPU
		{9496AC9B-BAF1-472B-BDD3-CA9419D01B8A}.Ad-Hoc|iPhone.ActiveCfg = Release|Any CPU
		{9496AC9B-BAF1-472B-BDD3-CA9419D01B8A}.Ad-Hoc|iPhone.Build.0 = Release|Any CPU
		{9496AC9B-BAF1-472B-BDD3-CA9419D01B8A}.Ad-Hoc|iPhone.Deploy.0 = Release|Any CPU
		{9496AC9B-BAF1-472B-BDD3-CA9419D01B8A}.Ad-Hoc|iPhoneSimulator.ActiveCfg = Release|Any CPU
		{9496AC9B-BAF1-472B-BDD3-CA9419D01B8A}.Ad-Hoc|iPhoneSimulator.Build.0 = Release|Any CPU
		{9496AC9B-BAF1-472B-BDD3-CA9419D01B8A}.Ad-Hoc|iPhoneSimulator.Deploy.0 = Release|Any CPU
		{9496AC9B-BAF1-472B-BDD3-CA9419D01B8A}.Ad-Hoc|x64.ActiveCfg = Release|Any CPU
		{9496AC9B-BAF1-472B-BDD3-CA9419D01B8A}.Ad-Hoc|x64.Build.0 = Release|Any CPU
		{9496AC9B-BAF1-472B-BDD3-CA9419D01B8A}.Ad-Hoc|x64.Deploy.0 = Release|Any CPU
		{9496AC9B-BAF1-472B-BDD3-CA9419D01B8A}.Ad-Hoc|x86.ActiveCfg = Release|Any CPU
		{9496AC9B-BAF1-472B-BDD3-CA9419D01B8A}.Ad-Hoc|x86.Build.0 = Release|Any CPU
		{9496AC9B-BAF1-472B-BDD3-CA9419D01B8A}.Ad-Hoc|x86.Deploy.0 = Release|Any CPU
		{9496AC9B-BAF1-472B-BDD3-CA9419D01B8A}.AppStore|Any CPU.ActiveCfg = Release|Any CPU
		{9496AC9B-BAF1-472B-BDD3-CA9419D01B8A}.AppStore|Any CPU.Build.0 = Release|Any CPU
		{9496AC9B-BAF1-472B-BDD3-CA9419D01B8A}.AppStore|Any CPU.Deploy.0 = Release|Any CPU
		{9496AC9B-BAF1-472B-BDD3-CA9419D01B8A}.AppStore|ARM.ActiveCfg = Release|Any CPU
		{9496AC9B-BAF1-472B-BDD3-CA9419D01B8A}.AppStore|ARM.Build.0 = Release|Any CPU
		{9496AC9B-BAF1-472B-BDD3-CA9419D01B8A}.AppStore|ARM.Deploy.0 = Release|Any CPU
		{9496AC9B-BAF1-472B-BDD3-CA9419D01B8A}.AppStore|iPhone.ActiveCfg = Release|Any CPU
		{9496AC9B-BAF1-472B-BDD3-CA9419D01B8A}.AppStore|iPhone.Build.0 = Release|Any CPU
		{9496AC9B-BAF1-472B-BDD3-CA9419D01B8A}.AppStore|iPhone.Deploy.0 = Release|Any CPU
		{9496AC9B-BAF1-472B-BDD3-CA9419D01B8A}.AppStore|iPhoneSimulator.ActiveCfg = Release|Any CPU
		{9496AC9B-BAF1-472B-BDD3-CA9419D01B8A}.AppStore|iPhoneSimulator.Build.0 = Release|Any CPU
		{9496AC9B-BAF1-472B-BDD3-CA9419D01B8A}.AppStore|iPhoneSimulator.Deploy.0 = Release|Any CPU
		{9496AC9B-BAF1-472B-BDD3-CA9419D01B8A}.AppStore|x64.ActiveCfg = Release|Any CPU
		{9496AC9B-BAF1-472B-BDD3-CA9419D01B8A}.AppStore|x64.Build.0 = Release|Any CPU
		{9496AC9B-BAF1-472B-BDD3-CA9419D01B8A}.AppStore|x64.Deploy.0 = Release|Any CPU
		{9496AC9B-BAF1-472B-BDD3-CA9419D01B8A}.AppStore|x86.ActiveCfg = Release|Any CPU
		{9496AC9B-BAF1-472B-BDD3-CA9419D01B8A}.AppStore|x86.Build.0 = Release|Any CPU
		{9496AC9B-BAF1-472B-BDD3-CA9419D01B8A}.AppStore|x86.Deploy.0 = Release|Any CPU
		{9496AC9B-BAF1-472B-BDD3-CA9419D01B8A}.Debug|Any CPU.ActiveCfg = Debug|Any CPU
		{9496AC9B-BAF1-472B-BDD3-CA9419D01B8A}.Debug|Any CPU.Build.0 = Debug|Any CPU
		{9496AC9B-BAF1-472B-BDD3-CA9419D01B8A}.Debug|Any CPU.Deploy.0 = Debug|Any CPU
		{9496AC9B-BAF1-472B-BDD3-CA9419D01B8A}.Debug|ARM.ActiveCfg = Debug|Any CPU
		{9496AC9B-BAF1-472B-BDD3-CA9419D01B8A}.Debug|ARM.Build.0 = Debug|Any CPU
		{9496AC9B-BAF1-472B-BDD3-CA9419D01B8A}.Debug|ARM.Deploy.0 = Debug|Any CPU
		{9496AC9B-BAF1-472B-BDD3-CA9419D01B8A}.Debug|iPhone.ActiveCfg = Debug|Any CPU
		{9496AC9B-BAF1-472B-BDD3-CA9419D01B8A}.Debug|iPhone.Build.0 = Debug|Any CPU
		{9496AC9B-BAF1-472B-BDD3-CA9419D01B8A}.Debug|iPhone.Deploy.0 = Debug|Any CPU
		{9496AC9B-BAF1-472B-BDD3-CA9419D01B8A}.Debug|iPhoneSimulator.ActiveCfg = Debug|Any CPU
		{9496AC9B-BAF1-472B-BDD3-CA9419D01B8A}.Debug|iPhoneSimulator.Build.0 = Debug|Any CPU
		{9496AC9B-BAF1-472B-BDD3-CA9419D01B8A}.Debug|iPhoneSimulator.Deploy.0 = Debug|Any CPU
		{9496AC9B-BAF1-472B-BDD3-CA9419D01B8A}.Debug|x64.ActiveCfg = Debug|Any CPU
		{9496AC9B-BAF1-472B-BDD3-CA9419D01B8A}.Debug|x64.Build.0 = Debug|Any CPU
		{9496AC9B-BAF1-472B-BDD3-CA9419D01B8A}.Debug|x64.Deploy.0 = Debug|Any CPU
		{9496AC9B-BAF1-472B-BDD3-CA9419D01B8A}.Debug|x86.ActiveCfg = Debug|Any CPU
		{9496AC9B-BAF1-472B-BDD3-CA9419D01B8A}.Debug|x86.Build.0 = Debug|Any CPU
		{9496AC9B-BAF1-472B-BDD3-CA9419D01B8A}.Debug|x86.Deploy.0 = Debug|Any CPU
		{9496AC9B-BAF1-472B-BDD3-CA9419D01B8A}.Release|Any CPU.ActiveCfg = Release|Any CPU
		{9496AC9B-BAF1-472B-BDD3-CA9419D01B8A}.Release|Any CPU.Build.0 = Release|Any CPU
		{9496AC9B-BAF1-472B-BDD3-CA9419D01B8A}.Release|Any CPU.Deploy.0 = Release|Any CPU
		{9496AC9B-BAF1-472B-BDD3-CA9419D01B8A}.Release|ARM.ActiveCfg = Release|Any CPU
		{9496AC9B-BAF1-472B-BDD3-CA9419D01B8A}.Release|ARM.Build.0 = Release|Any CPU
		{9496AC9B-BAF1-472B-BDD3-CA9419D01B8A}.Release|ARM.Deploy.0 = Release|Any CPU
		{9496AC9B-BAF1-472B-BDD3-CA9419D01B8A}.Release|iPhone.ActiveCfg = Release|Any CPU
		{9496AC9B-BAF1-472B-BDD3-CA9419D01B8A}.Release|iPhone.Build.0 = Release|Any CPU
		{9496AC9B-BAF1-472B-BDD3-CA9419D01B8A}.Release|iPhone.Deploy.0 = Release|Any CPU
		{9496AC9B-BAF1-472B-BDD3-CA9419D01B8A}.Release|iPhoneSimulator.ActiveCfg = Release|Any CPU
		{9496AC9B-BAF1-472B-BDD3-CA9419D01B8A}.Release|iPhoneSimulator.Build.0 = Release|Any CPU
		{9496AC9B-BAF1-472B-BDD3-CA9419D01B8A}.Release|iPhoneSimulator.Deploy.0 = Release|Any CPU
		{9496AC9B-BAF1-472B-BDD3-CA9419D01B8A}.Release|x64.ActiveCfg = Release|Any CPU
		{9496AC9B-BAF1-472B-BDD3-CA9419D01B8A}.Release|x64.Build.0 = Release|Any CPU
		{9496AC9B-BAF1-472B-BDD3-CA9419D01B8A}.Release|x64.Deploy.0 = Release|Any CPU
		{9496AC9B-BAF1-472B-BDD3-CA9419D01B8A}.Release|x86.ActiveCfg = Release|Any CPU
		{9496AC9B-BAF1-472B-BDD3-CA9419D01B8A}.Release|x86.Build.0 = Release|Any CPU
		{9496AC9B-BAF1-472B-BDD3-CA9419D01B8A}.Release|x86.Deploy.0 = Release|Any CPU
		{C231D4FD-A2D9-4A4F-B96D-0A232CAAC357}.Ad-Hoc|Any CPU.ActiveCfg = Ad-Hoc|iPhone
		{C231D4FD-A2D9-4A4F-B96D-0A232CAAC357}.Ad-Hoc|Any CPU.Build.0 = Ad-Hoc|iPhone
		{C231D4FD-A2D9-4A4F-B96D-0A232CAAC357}.Ad-Hoc|Any CPU.Deploy.0 = Ad-Hoc|iPhone
		{C231D4FD-A2D9-4A4F-B96D-0A232CAAC357}.Ad-Hoc|ARM.ActiveCfg = Ad-Hoc|iPhone
		{C231D4FD-A2D9-4A4F-B96D-0A232CAAC357}.Ad-Hoc|ARM.Build.0 = Ad-Hoc|iPhone
		{C231D4FD-A2D9-4A4F-B96D-0A232CAAC357}.Ad-Hoc|ARM.Deploy.0 = Ad-Hoc|iPhone
		{C231D4FD-A2D9-4A4F-B96D-0A232CAAC357}.Ad-Hoc|iPhone.ActiveCfg = Ad-Hoc|iPhone
		{C231D4FD-A2D9-4A4F-B96D-0A232CAAC357}.Ad-Hoc|iPhone.Build.0 = Ad-Hoc|iPhone
		{C231D4FD-A2D9-4A4F-B96D-0A232CAAC357}.Ad-Hoc|iPhone.Deploy.0 = Ad-Hoc|iPhone
		{C231D4FD-A2D9-4A4F-B96D-0A232CAAC357}.Ad-Hoc|iPhoneSimulator.ActiveCfg = Ad-Hoc|iPhoneSimulator
		{C231D4FD-A2D9-4A4F-B96D-0A232CAAC357}.Ad-Hoc|iPhoneSimulator.Build.0 = Ad-Hoc|iPhoneSimulator
		{C231D4FD-A2D9-4A4F-B96D-0A232CAAC357}.Ad-Hoc|iPhoneSimulator.Deploy.0 = Ad-Hoc|iPhoneSimulator
		{C231D4FD-A2D9-4A4F-B96D-0A232CAAC357}.Ad-Hoc|x64.ActiveCfg = Ad-Hoc|iPhone
		{C231D4FD-A2D9-4A4F-B96D-0A232CAAC357}.Ad-Hoc|x64.Build.0 = Ad-Hoc|iPhone
		{C231D4FD-A2D9-4A4F-B96D-0A232CAAC357}.Ad-Hoc|x64.Deploy.0 = Ad-Hoc|iPhone
		{C231D4FD-A2D9-4A4F-B96D-0A232CAAC357}.Ad-Hoc|x86.ActiveCfg = Ad-Hoc|iPhone
		{C231D4FD-A2D9-4A4F-B96D-0A232CAAC357}.Ad-Hoc|x86.Build.0 = Ad-Hoc|iPhone
		{C231D4FD-A2D9-4A4F-B96D-0A232CAAC357}.Ad-Hoc|x86.Deploy.0 = Ad-Hoc|iPhone
		{C231D4FD-A2D9-4A4F-B96D-0A232CAAC357}.AppStore|Any CPU.ActiveCfg = AppStore|iPhone
		{C231D4FD-A2D9-4A4F-B96D-0A232CAAC357}.AppStore|Any CPU.Build.0 = AppStore|iPhone
		{C231D4FD-A2D9-4A4F-B96D-0A232CAAC357}.AppStore|Any CPU.Deploy.0 = AppStore|iPhone
		{C231D4FD-A2D9-4A4F-B96D-0A232CAAC357}.AppStore|ARM.ActiveCfg = AppStore|iPhone
		{C231D4FD-A2D9-4A4F-B96D-0A232CAAC357}.AppStore|ARM.Build.0 = AppStore|iPhone
		{C231D4FD-A2D9-4A4F-B96D-0A232CAAC357}.AppStore|ARM.Deploy.0 = AppStore|iPhone
		{C231D4FD-A2D9-4A4F-B96D-0A232CAAC357}.AppStore|iPhone.ActiveCfg = AppStore|iPhone
		{C231D4FD-A2D9-4A4F-B96D-0A232CAAC357}.AppStore|iPhone.Build.0 = AppStore|iPhone
		{C231D4FD-A2D9-4A4F-B96D-0A232CAAC357}.AppStore|iPhone.Deploy.0 = AppStore|iPhone
		{C231D4FD-A2D9-4A4F-B96D-0A232CAAC357}.AppStore|iPhoneSimulator.ActiveCfg = AppStore|iPhoneSimulator
		{C231D4FD-A2D9-4A4F-B96D-0A232CAAC357}.AppStore|iPhoneSimulator.Build.0 = AppStore|iPhoneSimulator
		{C231D4FD-A2D9-4A4F-B96D-0A232CAAC357}.AppStore|iPhoneSimulator.Deploy.0 = AppStore|iPhoneSimulator
		{C231D4FD-A2D9-4A4F-B96D-0A232CAAC357}.AppStore|x64.ActiveCfg = AppStore|iPhone
		{C231D4FD-A2D9-4A4F-B96D-0A232CAAC357}.AppStore|x64.Build.0 = AppStore|iPhone
		{C231D4FD-A2D9-4A4F-B96D-0A232CAAC357}.AppStore|x64.Deploy.0 = AppStore|iPhone
		{C231D4FD-A2D9-4A4F-B96D-0A232CAAC357}.AppStore|x86.ActiveCfg = AppStore|iPhone
		{C231D4FD-A2D9-4A4F-B96D-0A232CAAC357}.AppStore|x86.Build.0 = AppStore|iPhone
		{C231D4FD-A2D9-4A4F-B96D-0A232CAAC357}.AppStore|x86.Deploy.0 = AppStore|iPhone
		{C231D4FD-A2D9-4A4F-B96D-0A232CAAC357}.Debug|Any CPU.ActiveCfg = Debug|iPhoneSimulator
		{C231D4FD-A2D9-4A4F-B96D-0A232CAAC357}.Debug|Any CPU.Build.0 = Debug|iPhoneSimulator
		{C231D4FD-A2D9-4A4F-B96D-0A232CAAC357}.Debug|Any CPU.Deploy.0 = Debug|iPhoneSimulator
		{C231D4FD-A2D9-4A4F-B96D-0A232CAAC357}.Debug|ARM.ActiveCfg = Debug|iPhone
		{C231D4FD-A2D9-4A4F-B96D-0A232CAAC357}.Debug|ARM.Build.0 = Debug|iPhone
		{C231D4FD-A2D9-4A4F-B96D-0A232CAAC357}.Debug|ARM.Deploy.0 = Debug|iPhone
		{C231D4FD-A2D9-4A4F-B96D-0A232CAAC357}.Debug|iPhone.ActiveCfg = Debug|iPhone
		{C231D4FD-A2D9-4A4F-B96D-0A232CAAC357}.Debug|iPhone.Build.0 = Debug|iPhone
		{C231D4FD-A2D9-4A4F-B96D-0A232CAAC357}.Debug|iPhone.Deploy.0 = Debug|iPhone
		{C231D4FD-A2D9-4A4F-B96D-0A232CAAC357}.Debug|iPhoneSimulator.ActiveCfg = Debug|iPhoneSimulator
		{C231D4FD-A2D9-4A4F-B96D-0A232CAAC357}.Debug|iPhoneSimulator.Build.0 = Debug|iPhoneSimulator
		{C231D4FD-A2D9-4A4F-B96D-0A232CAAC357}.Debug|iPhoneSimulator.Deploy.0 = Debug|iPhoneSimulator
		{C231D4FD-A2D9-4A4F-B96D-0A232CAAC357}.Debug|x64.ActiveCfg = Debug|iPhone
		{C231D4FD-A2D9-4A4F-B96D-0A232CAAC357}.Debug|x64.Build.0 = Debug|iPhone
		{C231D4FD-A2D9-4A4F-B96D-0A232CAAC357}.Debug|x64.Deploy.0 = Debug|iPhone
		{C231D4FD-A2D9-4A4F-B96D-0A232CAAC357}.Debug|x86.ActiveCfg = Debug|iPhone
		{C231D4FD-A2D9-4A4F-B96D-0A232CAAC357}.Debug|x86.Build.0 = Debug|iPhone
		{C231D4FD-A2D9-4A4F-B96D-0A232CAAC357}.Debug|x86.Deploy.0 = Debug|iPhone
		{C231D4FD-A2D9-4A4F-B96D-0A232CAAC357}.Release|Any CPU.ActiveCfg = Release|iPhone
		{C231D4FD-A2D9-4A4F-B96D-0A232CAAC357}.Release|Any CPU.Build.0 = Release|iPhone
		{C231D4FD-A2D9-4A4F-B96D-0A232CAAC357}.Release|Any CPU.Deploy.0 = Release|iPhone
		{C231D4FD-A2D9-4A4F-B96D-0A232CAAC357}.Release|ARM.ActiveCfg = Release|iPhone
		{C231D4FD-A2D9-4A4F-B96D-0A232CAAC357}.Release|ARM.Build.0 = Release|iPhone
		{C231D4FD-A2D9-4A4F-B96D-0A232CAAC357}.Release|ARM.Deploy.0 = Release|iPhone
		{C231D4FD-A2D9-4A4F-B96D-0A232CAAC357}.Release|iPhone.ActiveCfg = Release|iPhone
		{C231D4FD-A2D9-4A4F-B96D-0A232CAAC357}.Release|iPhone.Build.0 = Release|iPhone
		{C231D4FD-A2D9-4A4F-B96D-0A232CAAC357}.Release|iPhone.Deploy.0 = Release|iPhone
		{C231D4FD-A2D9-4A4F-B96D-0A232CAAC357}.Release|iPhoneSimulator.ActiveCfg = Release|iPhoneSimulator
		{C231D4FD-A2D9-4A4F-B96D-0A232CAAC357}.Release|iPhoneSimulator.Build.0 = Release|iPhoneSimulator
		{C231D4FD-A2D9-4A4F-B96D-0A232CAAC357}.Release|iPhoneSimulator.Deploy.0 = Release|iPhoneSimulator
		{C231D4FD-A2D9-4A4F-B96D-0A232CAAC357}.Release|x64.ActiveCfg = Release|iPhone
		{C231D4FD-A2D9-4A4F-B96D-0A232CAAC357}.Release|x64.Build.0 = Release|iPhone
		{C231D4FD-A2D9-4A4F-B96D-0A232CAAC357}.Release|x64.Deploy.0 = Release|iPhone
		{C231D4FD-A2D9-4A4F-B96D-0A232CAAC357}.Release|x86.ActiveCfg = Release|iPhone
		{C231D4FD-A2D9-4A4F-B96D-0A232CAAC357}.Release|x86.Build.0 = Release|iPhone
		{C231D4FD-A2D9-4A4F-B96D-0A232CAAC357}.Release|x86.Deploy.0 = Release|iPhone
		{85BCBA80-6722-4442-ABD2-8387393BA087}.Ad-Hoc|Any CPU.ActiveCfg = Release|x86
		{85BCBA80-6722-4442-ABD2-8387393BA087}.Ad-Hoc|Any CPU.Build.0 = Release|x86
		{85BCBA80-6722-4442-ABD2-8387393BA087}.Ad-Hoc|Any CPU.Deploy.0 = Release|x86
		{85BCBA80-6722-4442-ABD2-8387393BA087}.Ad-Hoc|ARM.ActiveCfg = Release|ARM
		{85BCBA80-6722-4442-ABD2-8387393BA087}.Ad-Hoc|ARM.Build.0 = Release|ARM
		{85BCBA80-6722-4442-ABD2-8387393BA087}.Ad-Hoc|ARM.Deploy.0 = Release|ARM
		{85BCBA80-6722-4442-ABD2-8387393BA087}.Ad-Hoc|iPhone.ActiveCfg = Release|x86
		{85BCBA80-6722-4442-ABD2-8387393BA087}.Ad-Hoc|iPhone.Build.0 = Release|x86
		{85BCBA80-6722-4442-ABD2-8387393BA087}.Ad-Hoc|iPhone.Deploy.0 = Release|x86
		{85BCBA80-6722-4442-ABD2-8387393BA087}.Ad-Hoc|iPhoneSimulator.ActiveCfg = Release|x86
		{85BCBA80-6722-4442-ABD2-8387393BA087}.Ad-Hoc|iPhoneSimulator.Build.0 = Release|x86
		{85BCBA80-6722-4442-ABD2-8387393BA087}.Ad-Hoc|iPhoneSimulator.Deploy.0 = Release|x86
		{85BCBA80-6722-4442-ABD2-8387393BA087}.Ad-Hoc|x64.ActiveCfg = Release|x64
		{85BCBA80-6722-4442-ABD2-8387393BA087}.Ad-Hoc|x64.Build.0 = Release|x64
		{85BCBA80-6722-4442-ABD2-8387393BA087}.Ad-Hoc|x64.Deploy.0 = Release|x64
		{85BCBA80-6722-4442-ABD2-8387393BA087}.Ad-Hoc|x86.ActiveCfg = Release|x86
		{85BCBA80-6722-4442-ABD2-8387393BA087}.Ad-Hoc|x86.Build.0 = Release|x86
		{85BCBA80-6722-4442-ABD2-8387393BA087}.Ad-Hoc|x86.Deploy.0 = Release|x86
		{85BCBA80-6722-4442-ABD2-8387393BA087}.AppStore|Any CPU.ActiveCfg = Release|x86
		{85BCBA80-6722-4442-ABD2-8387393BA087}.AppStore|Any CPU.Build.0 = Release|x86
		{85BCBA80-6722-4442-ABD2-8387393BA087}.AppStore|Any CPU.Deploy.0 = Release|x86
		{85BCBA80-6722-4442-ABD2-8387393BA087}.AppStore|ARM.ActiveCfg = Release|ARM
		{85BCBA80-6722-4442-ABD2-8387393BA087}.AppStore|ARM.Build.0 = Release|ARM
		{85BCBA80-6722-4442-ABD2-8387393BA087}.AppStore|ARM.Deploy.0 = Release|ARM
		{85BCBA80-6722-4442-ABD2-8387393BA087}.AppStore|iPhone.ActiveCfg = Release|x86
		{85BCBA80-6722-4442-ABD2-8387393BA087}.AppStore|iPhone.Build.0 = Release|x86
		{85BCBA80-6722-4442-ABD2-8387393BA087}.AppStore|iPhone.Deploy.0 = Release|x86
		{85BCBA80-6722-4442-ABD2-8387393BA087}.AppStore|iPhoneSimulator.ActiveCfg = Release|x86
		{85BCBA80-6722-4442-ABD2-8387393BA087}.AppStore|iPhoneSimulator.Build.0 = Release|x86
		{85BCBA80-6722-4442-ABD2-8387393BA087}.AppStore|iPhoneSimulator.Deploy.0 = Release|x86
		{85BCBA80-6722-4442-ABD2-8387393BA087}.AppStore|x64.ActiveCfg = Release|x64
		{85BCBA80-6722-4442-ABD2-8387393BA087}.AppStore|x64.Build.0 = Release|x64
		{85BCBA80-6722-4442-ABD2-8387393BA087}.AppStore|x64.Deploy.0 = Release|x64
		{85BCBA80-6722-4442-ABD2-8387393BA087}.AppStore|x86.ActiveCfg = Release|x86
		{85BCBA80-6722-4442-ABD2-8387393BA087}.AppStore|x86.Build.0 = Release|x86
		{85BCBA80-6722-4442-ABD2-8387393BA087}.AppStore|x86.Deploy.0 = Release|x86
		{85BCBA80-6722-4442-ABD2-8387393BA087}.Debug|Any CPU.ActiveCfg = Debug|x86
		{85BCBA80-6722-4442-ABD2-8387393BA087}.Debug|Any CPU.Build.0 = Debug|x86
		{85BCBA80-6722-4442-ABD2-8387393BA087}.Debug|Any CPU.Deploy.0 = Debug|x86
		{85BCBA80-6722-4442-ABD2-8387393BA087}.Debug|ARM.ActiveCfg = Debug|ARM
		{85BCBA80-6722-4442-ABD2-8387393BA087}.Debug|ARM.Build.0 = Debug|ARM
		{85BCBA80-6722-4442-ABD2-8387393BA087}.Debug|ARM.Deploy.0 = Debug|ARM
		{85BCBA80-6722-4442-ABD2-8387393BA087}.Debug|iPhone.ActiveCfg = Debug|x86
		{85BCBA80-6722-4442-ABD2-8387393BA087}.Debug|iPhone.Build.0 = Debug|x86
		{85BCBA80-6722-4442-ABD2-8387393BA087}.Debug|iPhone.Deploy.0 = Debug|x86
		{85BCBA80-6722-4442-ABD2-8387393BA087}.Debug|iPhoneSimulator.ActiveCfg = Debug|x86
		{85BCBA80-6722-4442-ABD2-8387393BA087}.Debug|iPhoneSimulator.Build.0 = Debug|x86
		{85BCBA80-6722-4442-ABD2-8387393BA087}.Debug|iPhoneSimulator.Deploy.0 = Debug|x86
		{85BCBA80-6722-4442-ABD2-8387393BA087}.Debug|x64.ActiveCfg = Debug|x64
		{85BCBA80-6722-4442-ABD2-8387393BA087}.Debug|x64.Build.0 = Debug|x64
		{85BCBA80-6722-4442-ABD2-8387393BA087}.Debug|x64.Deploy.0 = Debug|x64
		{85BCBA80-6722-4442-ABD2-8387393BA087}.Debug|x86.ActiveCfg = Debug|x86
		{85BCBA80-6722-4442-ABD2-8387393BA087}.Debug|x86.Build.0 = Debug|x86
		{85BCBA80-6722-4442-ABD2-8387393BA087}.Debug|x86.Deploy.0 = Debug|x86
		{85BCBA80-6722-4442-ABD2-8387393BA087}.Release|Any CPU.ActiveCfg = Release|x86
		{85BCBA80-6722-4442-ABD2-8387393BA087}.Release|Any CPU.Build.0 = Release|x86
		{85BCBA80-6722-4442-ABD2-8387393BA087}.Release|Any CPU.Deploy.0 = Release|x86
		{85BCBA80-6722-4442-ABD2-8387393BA087}.Release|ARM.ActiveCfg = Release|ARM
		{85BCBA80-6722-4442-ABD2-8387393BA087}.Release|ARM.Build.0 = Release|ARM
		{85BCBA80-6722-4442-ABD2-8387393BA087}.Release|ARM.Deploy.0 = Release|ARM
		{85BCBA80-6722-4442-ABD2-8387393BA087}.Release|iPhone.ActiveCfg = Release|x86
		{85BCBA80-6722-4442-ABD2-8387393BA087}.Release|iPhone.Build.0 = Release|x86
		{85BCBA80-6722-4442-ABD2-8387393BA087}.Release|iPhone.Deploy.0 = Release|x86
		{85BCBA80-6722-4442-ABD2-8387393BA087}.Release|iPhoneSimulator.ActiveCfg = Release|x86
		{85BCBA80-6722-4442-ABD2-8387393BA087}.Release|iPhoneSimulator.Build.0 = Release|x86
		{85BCBA80-6722-4442-ABD2-8387393BA087}.Release|iPhoneSimulator.Deploy.0 = Release|x86
		{85BCBA80-6722-4442-ABD2-8387393BA087}.Release|x64.ActiveCfg = Release|x64
		{85BCBA80-6722-4442-ABD2-8387393BA087}.Release|x64.Build.0 = Release|x64
		{85BCBA80-6722-4442-ABD2-8387393BA087}.Release|x64.Deploy.0 = Release|x64
		{85BCBA80-6722-4442-ABD2-8387393BA087}.Release|x86.ActiveCfg = Release|x86
		{85BCBA80-6722-4442-ABD2-8387393BA087}.Release|x86.Build.0 = Release|x86
		{85BCBA80-6722-4442-ABD2-8387393BA087}.Release|x86.Deploy.0 = Release|x86
		{AE176A72-BD84-4C6A-9CBB-1294F3F3123A}.Ad-Hoc|Any CPU.ActiveCfg = Debug|Any CPU
		{AE176A72-BD84-4C6A-9CBB-1294F3F3123A}.Ad-Hoc|Any CPU.Build.0 = Debug|Any CPU
		{AE176A72-BD84-4C6A-9CBB-1294F3F3123A}.Ad-Hoc|Any CPU.Deploy.0 = Debug|Any CPU
		{AE176A72-BD84-4C6A-9CBB-1294F3F3123A}.Ad-Hoc|ARM.ActiveCfg = Debug|Any CPU
		{AE176A72-BD84-4C6A-9CBB-1294F3F3123A}.Ad-Hoc|ARM.Build.0 = Debug|Any CPU
		{AE176A72-BD84-4C6A-9CBB-1294F3F3123A}.Ad-Hoc|ARM.Deploy.0 = Debug|Any CPU
		{AE176A72-BD84-4C6A-9CBB-1294F3F3123A}.Ad-Hoc|iPhone.ActiveCfg = Debug|Any CPU
		{AE176A72-BD84-4C6A-9CBB-1294F3F3123A}.Ad-Hoc|iPhone.Build.0 = Debug|Any CPU
		{AE176A72-BD84-4C6A-9CBB-1294F3F3123A}.Ad-Hoc|iPhone.Deploy.0 = Debug|Any CPU
		{AE176A72-BD84-4C6A-9CBB-1294F3F3123A}.Ad-Hoc|iPhoneSimulator.ActiveCfg = Debug|Any CPU
		{AE176A72-BD84-4C6A-9CBB-1294F3F3123A}.Ad-Hoc|iPhoneSimulator.Build.0 = Debug|Any CPU
		{AE176A72-BD84-4C6A-9CBB-1294F3F3123A}.Ad-Hoc|iPhoneSimulator.Deploy.0 = Debug|Any CPU
		{AE176A72-BD84-4C6A-9CBB-1294F3F3123A}.Ad-Hoc|x64.ActiveCfg = Debug|Any CPU
		{AE176A72-BD84-4C6A-9CBB-1294F3F3123A}.Ad-Hoc|x64.Build.0 = Debug|Any CPU
		{AE176A72-BD84-4C6A-9CBB-1294F3F3123A}.Ad-Hoc|x64.Deploy.0 = Debug|Any CPU
		{AE176A72-BD84-4C6A-9CBB-1294F3F3123A}.Ad-Hoc|x86.ActiveCfg = Debug|Any CPU
		{AE176A72-BD84-4C6A-9CBB-1294F3F3123A}.Ad-Hoc|x86.Build.0 = Debug|Any CPU
		{AE176A72-BD84-4C6A-9CBB-1294F3F3123A}.Ad-Hoc|x86.Deploy.0 = Debug|Any CPU
		{AE176A72-BD84-4C6A-9CBB-1294F3F3123A}.AppStore|Any CPU.ActiveCfg = Debug|Any CPU
		{AE176A72-BD84-4C6A-9CBB-1294F3F3123A}.AppStore|Any CPU.Build.0 = Debug|Any CPU
		{AE176A72-BD84-4C6A-9CBB-1294F3F3123A}.AppStore|Any CPU.Deploy.0 = Debug|Any CPU
		{AE176A72-BD84-4C6A-9CBB-1294F3F3123A}.AppStore|ARM.ActiveCfg = Debug|Any CPU
		{AE176A72-BD84-4C6A-9CBB-1294F3F3123A}.AppStore|ARM.Build.0 = Debug|Any CPU
		{AE176A72-BD84-4C6A-9CBB-1294F3F3123A}.AppStore|ARM.Deploy.0 = Debug|Any CPU
		{AE176A72-BD84-4C6A-9CBB-1294F3F3123A}.AppStore|iPhone.ActiveCfg = Debug|Any CPU
		{AE176A72-BD84-4C6A-9CBB-1294F3F3123A}.AppStore|iPhone.Build.0 = Debug|Any CPU
		{AE176A72-BD84-4C6A-9CBB-1294F3F3123A}.AppStore|iPhone.Deploy.0 = Debug|Any CPU
		{AE176A72-BD84-4C6A-9CBB-1294F3F3123A}.AppStore|iPhoneSimulator.ActiveCfg = Debug|Any CPU
		{AE176A72-BD84-4C6A-9CBB-1294F3F3123A}.AppStore|iPhoneSimulator.Build.0 = Debug|Any CPU
		{AE176A72-BD84-4C6A-9CBB-1294F3F3123A}.AppStore|iPhoneSimulator.Deploy.0 = Debug|Any CPU
		{AE176A72-BD84-4C6A-9CBB-1294F3F3123A}.AppStore|x64.ActiveCfg = Debug|Any CPU
		{AE176A72-BD84-4C6A-9CBB-1294F3F3123A}.AppStore|x64.Build.0 = Debug|Any CPU
		{AE176A72-BD84-4C6A-9CBB-1294F3F3123A}.AppStore|x64.Deploy.0 = Debug|Any CPU
		{AE176A72-BD84-4C6A-9CBB-1294F3F3123A}.AppStore|x86.ActiveCfg = Debug|Any CPU
		{AE176A72-BD84-4C6A-9CBB-1294F3F3123A}.AppStore|x86.Build.0 = Debug|Any CPU
		{AE176A72-BD84-4C6A-9CBB-1294F3F3123A}.AppStore|x86.Deploy.0 = Debug|Any CPU
		{AE176A72-BD84-4C6A-9CBB-1294F3F3123A}.Debug|Any CPU.ActiveCfg = Debug|Any CPU
		{AE176A72-BD84-4C6A-9CBB-1294F3F3123A}.Debug|Any CPU.Build.0 = Debug|Any CPU
		{AE176A72-BD84-4C6A-9CBB-1294F3F3123A}.Debug|Any CPU.Deploy.0 = Debug|Any CPU
		{AE176A72-BD84-4C6A-9CBB-1294F3F3123A}.Debug|ARM.ActiveCfg = Debug|Any CPU
		{AE176A72-BD84-4C6A-9CBB-1294F3F3123A}.Debug|ARM.Build.0 = Debug|Any CPU
		{AE176A72-BD84-4C6A-9CBB-1294F3F3123A}.Debug|ARM.Deploy.0 = Debug|Any CPU
		{AE176A72-BD84-4C6A-9CBB-1294F3F3123A}.Debug|iPhone.ActiveCfg = Debug|Any CPU
		{AE176A72-BD84-4C6A-9CBB-1294F3F3123A}.Debug|iPhone.Build.0 = Debug|Any CPU
		{AE176A72-BD84-4C6A-9CBB-1294F3F3123A}.Debug|iPhone.Deploy.0 = Debug|Any CPU
		{AE176A72-BD84-4C6A-9CBB-1294F3F3123A}.Debug|iPhoneSimulator.ActiveCfg = Debug|Any CPU
		{AE176A72-BD84-4C6A-9CBB-1294F3F3123A}.Debug|iPhoneSimulator.Build.0 = Debug|Any CPU
		{AE176A72-BD84-4C6A-9CBB-1294F3F3123A}.Debug|iPhoneSimulator.Deploy.0 = Debug|Any CPU
		{AE176A72-BD84-4C6A-9CBB-1294F3F3123A}.Debug|x64.ActiveCfg = Debug|Any CPU
		{AE176A72-BD84-4C6A-9CBB-1294F3F3123A}.Debug|x64.Build.0 = Debug|Any CPU
		{AE176A72-BD84-4C6A-9CBB-1294F3F3123A}.Debug|x64.Deploy.0 = Debug|Any CPU
		{AE176A72-BD84-4C6A-9CBB-1294F3F3123A}.Debug|x86.ActiveCfg = Debug|Any CPU
		{AE176A72-BD84-4C6A-9CBB-1294F3F3123A}.Debug|x86.Build.0 = Debug|Any CPU
		{AE176A72-BD84-4C6A-9CBB-1294F3F3123A}.Debug|x86.Deploy.0 = Debug|Any CPU
		{AE176A72-BD84-4C6A-9CBB-1294F3F3123A}.Release|Any CPU.ActiveCfg = Release|Any CPU
		{AE176A72-BD84-4C6A-9CBB-1294F3F3123A}.Release|Any CPU.Build.0 = Release|Any CPU
		{AE176A72-BD84-4C6A-9CBB-1294F3F3123A}.Release|Any CPU.Deploy.0 = Release|Any CPU
		{AE176A72-BD84-4C6A-9CBB-1294F3F3123A}.Release|ARM.ActiveCfg = Release|Any CPU
		{AE176A72-BD84-4C6A-9CBB-1294F3F3123A}.Release|ARM.Build.0 = Release|Any CPU
		{AE176A72-BD84-4C6A-9CBB-1294F3F3123A}.Release|ARM.Deploy.0 = Release|Any CPU
		{AE176A72-BD84-4C6A-9CBB-1294F3F3123A}.Release|iPhone.ActiveCfg = Release|Any CPU
		{AE176A72-BD84-4C6A-9CBB-1294F3F3123A}.Release|iPhone.Build.0 = Release|Any CPU
		{AE176A72-BD84-4C6A-9CBB-1294F3F3123A}.Release|iPhone.Deploy.0 = Release|Any CPU
		{AE176A72-BD84-4C6A-9CBB-1294F3F3123A}.Release|iPhoneSimulator.ActiveCfg = Release|Any CPU
		{AE176A72-BD84-4C6A-9CBB-1294F3F3123A}.Release|iPhoneSimulator.Build.0 = Release|Any CPU
		{AE176A72-BD84-4C6A-9CBB-1294F3F3123A}.Release|iPhoneSimulator.Deploy.0 = Release|Any CPU
		{AE176A72-BD84-4C6A-9CBB-1294F3F3123A}.Release|x64.ActiveCfg = Release|Any CPU
		{AE176A72-BD84-4C6A-9CBB-1294F3F3123A}.Release|x64.Build.0 = Release|Any CPU
		{AE176A72-BD84-4C6A-9CBB-1294F3F3123A}.Release|x64.Deploy.0 = Release|Any CPU
		{AE176A72-BD84-4C6A-9CBB-1294F3F3123A}.Release|x86.ActiveCfg = Release|Any CPU
		{AE176A72-BD84-4C6A-9CBB-1294F3F3123A}.Release|x86.Build.0 = Release|Any CPU
		{AE176A72-BD84-4C6A-9CBB-1294F3F3123A}.Release|x86.Deploy.0 = Release|Any CPU
	EndGlobalSection
	GlobalSection(SolutionProperties) = preSolution
		HideSolutionNode = FALSE
	EndGlobalSection
	GlobalSection(ExtensibilityGlobals) = postSolution
		SolutionGuid = {49543EFC-9EA2-45F5-B630-A4DA3BE952BF}
	EndGlobalSection
EndGlobal
